
Microsoft Visual Studio Solution File, Format Version 12.00
# Visual Studio Version 16
VisualStudioVersion = 16.0.31624.102
MinimumVisualStudioVersion = 10.0.40219.1
Project("{FAE04EC0-301F-11D3-BF4B-00C04F79EFBC}") = "AppSneakers.Android", "AppSneakers.Android\AppSneakers.Android.csproj", "{8B94F943-F9FD-4DC3-99B1-ED24AF770D3B}"
EndProject
Project("{FAE04EC0-301F-11D3-BF4B-00C04F79EFBC}") = "AppSneakers.iOS", "AppSneakers.iOS\AppSneakers.iOS.csproj", "{BFD637D0-2218-4F27-A4B6-67903A23C08B}"
EndProject
Project("{FAE04EC0-301F-11D3-BF4B-00C04F79EFBC}") = "AppSneakers", "AppSneakers\AppSneakers.csproj", "{27B5532E-E290-4C9F-A247-CBE46BFD23F1}"
EndProject
Global
	GlobalSection(SolutionConfigurationPlatforms) = preSolution
		Debug|Any CPU = Debug|Any CPU
		Debug|iPhone = Debug|iPhone
		Debug|iPhoneSimulator = Debug|iPhoneSimulator
		Release|Any CPU = Release|Any CPU
		Release|iPhone = Release|iPhone
		Release|iPhoneSimulator = Release|iPhoneSimulator
	EndGlobalSection
	GlobalSection(ProjectConfigurationPlatforms) = postSolution
		{8B94F943-F9FD-4DC3-99B1-ED24AF770D3B}.Debug|Any CPU.ActiveCfg = Debug|Any CPU
		{8B94F943-F9FD-4DC3-99B1-ED24AF770D3B}.Debug|Any CPU.Build.0 = Debug|Any CPU
		{8B94F943-F9FD-4DC3-99B1-ED24AF770D3B}.Debug|Any CPU.Deploy.0 = Debug|Any CPU
		{8B94F943-F9FD-4DC3-99B1-ED24AF770D3B}.Debug|iPhone.ActiveCfg = Debug|Any CPU
		{8B94F943-F9FD-4DC3-99B1-ED24AF770D3B}.Debug|iPhone.Build.0 = Debug|Any CPU
		{8B94F943-F9FD-4DC3-99B1-ED24AF770D3B}.Debug|iPhone.Deploy.0 = Debug|Any CPU
		{8B94F943-F9FD-4DC3-99B1-ED24AF770D3B}.Debug|iPhoneSimulator.ActiveCfg = Debug|Any CPU
		{8B94F943-F9FD-4DC3-99B1-ED24AF770D3B}.Debug|iPhoneSimulator.Build.0 = Debug|Any CPU
		{8B94F943-F9FD-4DC3-99B1-ED24AF770D3B}.Debug|iPhoneSimulator.Deploy.0 = Debug|Any CPU
		{8B94F943-F9FD-4DC3-99B1-ED24AF770D3B}.Release|Any CPU.ActiveCfg = Release|Any CPU
		{8B94F943-F9FD-4DC3-99B1-ED24AF770D3B}.Release|Any CPU.Build.0 = Release|Any CPU
		{8B94F943-F9FD-4DC3-99B1-ED24AF770D3B}.Release|Any CPU.Deploy.0 = Release|Any CPU
		{8B94F943-F9FD-4DC3-99B1-ED24AF770D3B}.Release|iPhone.ActiveCfg = Release|Any CPU
		{8B94F943-F9FD-4DC3-99B1-ED24AF770D3B}.Release|iPhone.Build.0 = Release|Any CPU
		{8B94F943-F9FD-4DC3-99B1-ED24AF770D3B}.Release|iPhone.Deploy.0 = Release|Any CPU
		{8B94F943-F9FD-4DC3-99B1-ED24AF770D3B}.Release|iPhoneSimulator.ActiveCfg = Release|Any CPU
		{8B94F943-F9FD-4DC3-99B1-ED24AF770D3B}.Release|iPhoneSimulator.Build.0 = Release|Any CPU
		{8B94F943-F9FD-4DC3-99B1-ED24AF770D3B}.Release|iPhoneSimulator.Deploy.0 = Release|Any CPU
		{BFD637D0-2218-4F27-A4B6-67903A23C08B}.Debug|Any CPU.ActiveCfg = Debug|iPhone
		{BFD637D0-2218-4F27-A4B6-67903A23C08B}.Debug|Any CPU.Build.0 = Debug|iPhone
		{BFD637D0-2218-4F27-A4B6-67903A23C08B}.Debug|Any CPU.Deploy.0 = Debug|iPhone
		{BFD637D0-2218-4F27-A4B6-67903A23C08B}.Debug|iPhone.ActiveCfg = Debug|iPhone
		{BFD637D0-2218-4F27-A4B6-67903A23C08B}.Debug|iPhone.Build.0 = Debug|iPhone
		{BFD637D0-2218-4F27-A4B6-67903A23C08B}.Debug|iPhone.Deploy.0 = Debug|iPhone
		{BFD637D0-2218-4F27-A4B6-67903A23C08B}.Debug|iPhoneSimulator.ActiveCfg = Debug|iPhoneSimulator
		{BFD637D0-2218-4F27-A4B6-67903A23C08B}.Debug|iPhoneSimulator.Build.0 = Debug|iPhoneSimulator
		{BFD637D0-2218-4F27-A4B6-67903A23C08B}.Debug|iPhoneSimulator.Deploy.0 = Debug|iPhoneSimulator
		{BFD637D0-2218-4F27-A4B6-67903A23C08B}.Release|Any CPU.ActiveCfg = Release|iPhoneSimulator
		{BFD637D0-2218-4F27-A4B6-67903A23C08B}.Release|Any CPU.Build.0 = Release|iPhoneSimulator
		{BFD637D0-2218-4F27-A4B6-67903A23C08B}.Release|Any CPU.Deploy.0 = Release|iPhoneSimulator
		{BFD637D0-2218-4F27-A4B6-67903A23C08B}.Release|iPhone.ActiveCfg = Release|iPhone
		{BFD637D0-2218-4F27-A4B6-67903A23C08B}.Release|iPhone.Build.0 = Release|iPhone
		{BFD637D0-2218-4F27-A4B6-67903A23C08B}.Release|iPhone.Deploy.0 = Release|iPhone
		{BFD637D0-2218-4F27-A4B6-67903A23C08B}.Release|iPhoneSimulator.ActiveCfg = Release|iPhoneSimulator
		{BFD637D0-2218-4F27-A4B6-67903A23C08B}.Release|iPhoneSimulator.Build.0 = Release|iPhoneSimulator
		{BFD637D0-2218-4F27-A4B6-67903A23C08B}.Release|iPhoneSimulator.Deploy.0 = Release|iPhoneSimulator
		{27B5532E-E290-4C9F-A247-CBE46BFD23F1}.Debug|Any CPU.ActiveCfg = Debug|Any CPU
		{27B5532E-E290-4C9F-A247-CBE46BFD23F1}.Debug|Any CPU.Build.0 = Debug|Any CPU
		{27B5532E-E290-4C9F-A247-CBE46BFD23F1}.Debug|Any CPU.Deploy.0 = Debug|Any CPU
		{27B5532E-E290-4C9F-A247-CBE46BFD23F1}.Debug|iPhone.ActiveCfg = Debug|Any CPU
		{27B5532E-E290-4C9F-A247-CBE46BFD23F1}.Debug|iPhone.Build.0 = Debug|Any CPU
		{27B5532E-E290-4C9F-A247-CBE46BFD23F1}.Debug|iPhone.Deploy.0 = Debug|Any CPU
		{27B5532E-E290-4C9F-A247-CBE46BFD23F1}.Debug|iPhoneSimulator.ActiveCfg = Debug|Any CPU
		{27B5532E-E290-4C9F-A247-CBE46BFD23F1}.Debug|iPhoneSimulator.Build.0 = Debug|Any CPU
		{27B5532E-E290-4C9F-A247-CBE46BFD23F1}.Debug|iPhoneSimulator.Deploy.0 = Debug|Any CPU
		{27B5532E-E290-4C9F-A247-CBE46BFD23F1}.Release|Any CPU.ActiveCfg = Release|Any CPU
		{27B5532E-E290-4C9F-A247-CBE46BFD23F1}.Release|Any CPU.Build.0 = Release|Any CPU
		{27B5532E-E290-4C9F-A247-CBE46BFD23F1}.Release|Any CPU.Deploy.0 = Release|Any CPU
		{27B5532E-E290-4C9F-A247-CBE46BFD23F1}.Release|iPhone.ActiveCfg = Release|Any CPU
		{27B5532E-E290-4C9F-A247-CBE46BFD23F1}.Release|iPhone.Build.0 = Release|Any CPU
		{27B5532E-E290-4C9F-A247-CBE46BFD23F1}.Release|iPhone.Deploy.0 = Release|Any CPU
		{27B5532E-E290-4C9F-A247-CBE46BFD23F1}.Release|iPhoneSimulator.ActiveCfg = Release|Any CPU
		{27B5532E-E290-4C9F-A247-CBE46BFD23F1}.Release|iPhoneSimulator.Build.0 = Release|Any CPU
		{27B5532E-E290-4C9F-A247-CBE46BFD23F1}.Release|iPhoneSimulator.Deploy.0 = Release|Any CPU
	EndGlobalSection
	GlobalSection(SolutionProperties) = preSolution
		HideSolutionNode = FALSE
	EndGlobalSection
	GlobalSection(ExtensibilityGlobals) = postSolution
		SolutionGuid = {464B2A6F-462F-4A62-8B56-77B425B8DA7E}
	EndGlobalSection
EndGlobal
